<?xml version="1.0" encoding="utf-8"?>
<Project xmlns="http://schemas.microsoft.com/developer/msbuild/2003">
  <ItemGroup>
    <Filter Include="Form Files">
      <UniqueIdentifier>{99349809-55BA-4b9d-BF79-8FDBB0286EB3}</UniqueIdentifier>
      <Extensions>ui</Extensions>
      <ParseFiles>false</ParseFiles>
    </Filter>
    <Filter Include="Generated Files">
      <UniqueIdentifier>{71ED8ED8-ACB9-4CE9-BBE1-E00B30144E11}</UniqueIdentifier>
      <Extensions>cpp;c;cxx;moc;h;def;odl;idl;res;</Extensions>
    </Filter>
    <Filter Include="Generated Files">
      <UniqueIdentifier>{71ED8ED8-ACB9-4CE9-BBE1-E00B30144E11}</UniqueIdentifier>
      <Extensions>cpp;c;cxx;moc;h;def;odl;idl;res;</Extensions>
    </Filter>
    <Filter Include="Header Files">
      <UniqueIdentifier>{93995380-89BD-4b04-88EB-625FBE52EBFB}</UniqueIdentifier>
      <Extensions>h;hpp;hxx;hm;inl;inc;xsd</Extensions>
    </Filter>
    <Filter Include="Source Files">
      <UniqueIdentifier>{4FC737F1-C7A5-4376-A066-2A32D752A2FF}</UniqueIdentifier>
      <Extensions>cpp;c;cxx;def;odl;idl;hpj;bat;asm;asmx</Extensions>
    </Filter>
    <Filter Include="Distribution Files">
      <UniqueIdentifier>{B83CAF91-C7BF-462F-B76C-EA11631F866C}</UniqueIdentifier>
      <Extensions>*</Extensions>
      <ParseFiles>false</ParseFiles>
    </Filter>
    <Filter Include="Distribution Files">
      <UniqueIdentifier>{B83CAF91-C7BF-462F-B76C-EA11631F866C}</UniqueIdentifier>
      <Extensions>*</Extensions>
      <ParseFiles>false</ParseFiles>
    </Filter>
    <Filter Include="Header Files\gui">
      <UniqueIdentifier>{5f363524-9415-4947-9160-c1ac04ade7f9}</UniqueIdentifier>
    </Filter>
    <Filter Include="Header Files\logic">
      <UniqueIdentifier>{289476ad-28fd-4b19-a435-3a32630466c5}</UniqueIdentifier>
    </Filter>
    <Filter Include="Source Files\gui">
      <UniqueIdentifier>{6f87f6a8-a129-45cd-af81-5be189a4627d}</UniqueIdentifier>
    </Filter>
    <Filter Include="Source Files\logic">
      <UniqueIdentifier>{6674f176-348c-458d-b82a-82c60ce22e2a}</UniqueIdentifier>
    </Filter>
  </ItemGroup>
  <ItemGroup>
    <ClCompile Include="gui\GraphicsFontMetricItem.cpp">
      <Filter>Source Files\gui</Filter>
    </ClCompile>
    <ClCompile Include="main.cpp">
      <Filter>Source Files\gui</Filter>
    </ClCompile>
    <ClCompile Include="gui\MainWindow.cpp">
      <Filter>Source Files\gui</Filter>
    </ClCompile>
    <ClCompile Include="gui\MaskPainterDialog.cpp">
      <Filter>Source Files\gui</Filter>
    </ClCompile>
    <ClCompile Include="gui\MaskPainterGraphicsView.cpp">
      <Filter>Source Files\gui</Filter>
    </ClCompile>
    <ClCompile Include="gui\OCRGraphicsView.cpp">
      <Filter>Source Files\gui</Filter>
    </ClCompile>
    <ClCompile Include="gui\ZoomableGraphicsView.cpp">
      <Filter>Source Files\gui</Filter>
    </ClCompile>
    <ClCompile Include="logic\CharProperty.cpp">
      <Filter>Source Files\logic</Filter>
    </ClCompile>
    <ClCompile Include="logic\FontMetric.cpp">
      <Filter>Source Files\logic</Filter>
    </ClCompile>
    <ClCompile Include="logic\ImageUtility.cpp">
      <Filter>Source Files\logic</Filter>
    </ClCompile>
    <ClCompile Include="logic\MultiscaleOCR.cpp">
      <Filter>Source Files\logic</Filter>
    </ClCompile>
    <ClCompile Include="gui\ZoomableImageView.cpp">
      <Filter>Source Files\gui</Filter>
    </ClCompile>
    <ClCompile Include="gui\PreprocessStepListWidget.cpp">
      <Filter>Source Files\gui</Filter>
    </ClCompile>
    <ClCompile Include="gui\PreprocessStepWidget.cpp">
      <Filter>Source Files\gui</Filter>
    </ClCompile>
    <ClCompile Include="gui\UpDownButton.cpp">
      <Filter>Source Files\gui</Filter>
    </ClCompile>
    <ClCompile Include="logic\PreprocessStep.cpp">
      <Filter>Source Files\logic</Filter>
    </ClCompile>
    <ClCompile Include="logic\BinaryThresholdPreprocessStep.cpp">
      <Filter>Source Files\logic</Filter>
    </ClCompile>
    <ClCompile Include="gui\BinaryThresholdPreprocessStepWidget.cpp">
      <Filter>Source Files\gui</Filter>
    </ClCompile>
    <ClCompile Include="logic\GrayscalePreprocessStep.cpp">
      <Filter>Source Files\logic</Filter>
    </ClCompile>
    <ClCompile Include="gui\GrayscalePreprocessStepWidget.cpp">
      <Filter>Source Files\gui</Filter>
    </ClCompile>
    <ClCompile Include="logic\MaskPreprocessStep.cpp">
      <Filter>Source Files\logic</Filter>
    </ClCompile>
    <ClCompile Include="gui\MaskPreprocessStepWidget.cpp">
      <Filter>Source Files\gui</Filter>
    </ClCompile>
  </ItemGroup>
  <ItemGroup>
    <ClInclude Include="gui\GraphicsFontMetricItem.h">
      <Filter>Header Files\gui</Filter>
    </ClInclude>
    <ClInclude Include="gui\MaskPainterGraphicsView.h">
      <Filter>Header Files\gui</Filter>
    </ClInclude>
    <ClInclude Include="logic\CharProperty.h">
      <Filter>Header Files\logic</Filter>
    </ClInclude>
    <ClInclude Include="logic\FontMetric.h">
      <Filter>Header Files\logic</Filter>
    </ClInclude>
    <ClInclude Include="logic\ImageUtility.h">
      <Filter>Header Files\logic</Filter>
    </ClInclude>
    <ClInclude Include="logic\MultiscaleOCR.h">
      <Filter>Header Files\logic</Filter>
    </ClInclude>
    <ClInclude Include="logic\PreprocessStep.h">
      <Filter>Header Files\logic</Filter>
    </ClInclude>
    <ClInclude Include="logic\BinaryThresholdPreprocessStep.h">
      <Filter>Header Files\logic</Filter>
    </ClInclude>
    <ClInclude Include="logic\GrayscalePreprocessStep.h">
      <Filter>Header Files\logic</Filter>
    </ClInclude>
    <ClInclude Include="logic\MaskPreprocessStep.h">
      <Filter>Header Files\logic</Filter>
    </ClInclude>
    <ClInclude Include="logic\asmOpenCV.h">
      <Filter>Header Files\logic</Filter>
    </ClInclude>
  </ItemGroup>
  <ItemGroup>
    <CustomBuild Include="debug\moc_predefs.h.cbt">
      <Filter>Generated Files</Filter>
    </CustomBuild>
    <CustomBuild Include="release\moc_predefs.h.cbt">
      <Filter>Generated Files</Filter>
    </CustomBuild>
  </ItemGroup>
  <ItemGroup>
    <QtUic Include="gui\MainWindow.ui">
      <Filter>Form Files</Filter>
    </QtUic>
    <QtUic Include="gui\MaskPainterDialog.ui">
      <Filter>Form Files</Filter>
    </QtUic>
    <QtUic Include="gui\UpDownButton.ui">
      <Filter>Form Files</Filter>
    </QtUic>
  </ItemGroup>
  <ItemGroup>
    <None Include="data\eng.user-patterns">
      <Filter>Distribution Files</Filter>
    </None>
    <None Include="data\eng.user-words">
      <Filter>Distribution Files</Filter>
    </None>
    <None Include="data\tesseract.config">
      <Filter>Distribution Files</Filter>
    </None>
  </ItemGroup>
  <ItemGroup>
    <ResourceCompile Include=".\MenuParseroo_resource.rc" />
  </ItemGroup>
  <ItemGroup>
    <QtMoc Include="gui\MainWindow.h">
      <Filter>Header Files\gui</Filter>
    </QtMoc>
    <QtMoc Include="gui\MaskPainterDialog.h">
      <Filter>Header Files\gui</Filter>
    </QtMoc>
    <QtMoc Include="gui\OCRGraphicsView.h">
      <Filter>Header Files\gui</Filter>
    </QtMoc>
    <QtMoc Include="gui\ZoomableGraphicsView.h">
      <Filter>Header Files\gui</Filter>
    </QtMoc>
    <QtMoc Include="gui\ZoomableImageView.h">
      <Filter>Header Files\gui</Filter>
    </QtMoc>
    <QtMoc Include="gui\PreprocessStepListWidget.h">
      <Filter>Header Files\gui</Filter>
    </QtMoc>
    <QtMoc Include="gui\PreprocessStepWidget.h">
      <Filter>Header Files\gui</Filter>
    </QtMoc>
    <QtMoc Include="gui\UpDownButton.h">
      <Filter>Header Files\gui</Filter>
    </QtMoc>
    <QtMoc Include="gui\BinaryThresholdPreprocessStepWidget.h">
      <Filter>Header Files\gui</Filter>
    </QtMoc>
    <QtMoc Include="gui\GrayscalePreprocessStepWidget.h">
      <Filter>Header Files\gui</Filter>
    </QtMoc>
    <QtMoc Include="gui\MaskPreprocessStepWidget.h">
      <Filter>Header Files\gui</Filter>
    </QtMoc>
  </ItemGroup>
  <ItemGroup>
    <QtRcc Include="gui\Resource.qrc" />
  </ItemGroup>
</Project>